
Microsoft Visual Studio Solution File, Format Version 12.00
# Visual Studio Version 17
VisualStudioVersion = 17.0.31903.59
MinimumVisualStudioVersion = 10.0.40219.1
Project("{54A90642-561A-4BB1-A94E-469ADEE60C69}") = "ppe.client", "ppe.client\ppe.client.esproj", "{B9BF30D3-4E5A-4EB5-AF96-E08A69C221C3}"
EndProject
Project("{FAE04EC0-301F-11D3-BF4B-00C04F79EFBC}") = "PPE.Server", "PPE.Server\PPE.Server.csproj", "{54990896-0025-482F-9657-00B6BD2C7A3E}"
EndProject
Project("{2150E333-8FDC-42A3-9474-1A3956D46DE8}") = "src", "src", "{7566825A-1519-4C29-8FB5-164CC571601B}"
EndProject
Project("{FAE04EC0-301F-11D3-BF4B-00C04F79EFBC}") = "PPE.BLL", "src\PPE.BLL\PPE.BLL.csproj", "{A33E4500-F725-4E11-AF30-085773D2B97F}"
EndProject
Project("{FAE04EC0-301F-11D3-BF4B-00C04F79EFBC}") = "PPE.Core", "src\PPE.Core\PPE.Core.csproj", "{C8B8AAC9-B65F-4F5E-A4F6-3C5726B5B3D5}"
EndProject
Project("{FAE04EC0-301F-11D3-BF4B-00C04F79EFBC}") = "PPE.DAL", "src\PPE.DAL\PPE.DAL.csproj", "{11D7E473-99CF-44AC-8BE7-59398393FBEF}"
EndProject
Project("{FAE04EC0-301F-11D3-BF4B-00C04F79EFBC}") = "PPE.DataModel", "src\PPE.DataModel\PPE.DataModel.csproj", "{A8601215-3D3C-4A5B-93B3-9720907455B3}"
EndProject
Project("{FAE04EC0-301F-11D3-BF4B-00C04F79EFBC}") = "PPE.DbUtility", "src\PPE.DbUtility\PPE.DbUtility.csproj", "{36485483-9B4F-40D3-9C2B-3FD194E90870}"
EndProject
Project("{FAE04EC0-301F-11D3-BF4B-00C04F79EFBC}") = "PPE.IDAL", "src\PPE.IDAL\PPE.IDAL.csproj", "{7A53AADC-B401-474B-A5FD-0B5BB9505AF7}"
EndProject
Project("{FAE04EC0-301F-11D3-BF4B-00C04F79EFBC}") = "PPE.Model.Shared", "src\PPE.Model.Shared\PPE.Model.Shared.csproj", "{EAC2AA15-562A-43E1-B369-69560D7BC563}"
EndProject
Project("{FAE04EC0-301F-11D3-BF4B-00C04F79EFBC}") = "PPE.ModelDto", "src\PPE.ModelDto\PPE.ModelDto.csproj", "{B8DE128E-8077-461E-BD6C-6E104231497A}"
EndProject
Project("{FAE04EC0-301F-11D3-BF4B-00C04F79EFBC}") = "PPE.Utilities", "src\PPE.Utilities\PPE.Utilities.csproj", "{1D965D7D-B27F-4A0E-80DC-717A505E010F}"
EndProject
Project("{FAE04EC0-301F-11D3-BF4B-00C04F79EFBC}") = "PPE.WebCore", "src\PPE.WebCore\PPE.WebCore.csproj", "{9B6CC9EB-9421-494B-A63C-6632FA92FA7E}"
EndProject
Global
	GlobalSection(SolutionConfigurationPlatforms) = preSolution
		Debug|Any CPU = Debug|Any CPU
		Release|Any CPU = Release|Any CPU
	EndGlobalSection
	GlobalSection(ProjectConfigurationPlatforms) = postSolution
		{B9BF30D3-4E5A-4EB5-AF96-E08A69C221C3}.Debug|Any CPU.ActiveCfg = Debug|Any CPU
		{B9BF30D3-4E5A-4EB5-AF96-E08A69C221C3}.Debug|Any CPU.Build.0 = Debug|Any CPU
		{B9BF30D3-4E5A-4EB5-AF96-E08A69C221C3}.Debug|Any CPU.Deploy.0 = Debug|Any CPU
		{B9BF30D3-4E5A-4EB5-AF96-E08A69C221C3}.Release|Any CPU.ActiveCfg = Release|Any CPU
		{B9BF30D3-4E5A-4EB5-AF96-E08A69C221C3}.Release|Any CPU.Build.0 = Release|Any CPU
		{B9BF30D3-4E5A-4EB5-AF96-E08A69C221C3}.Release|Any CPU.Deploy.0 = Release|Any CPU
		{54990896-0025-482F-9657-00B6BD2C7A3E}.Debug|Any CPU.ActiveCfg = Debug|Any CPU
		{54990896-0025-482F-9657-00B6BD2C7A3E}.Debug|Any CPU.Build.0 = Debug|Any CPU
		{54990896-0025-482F-9657-00B6BD2C7A3E}.Release|Any CPU.ActiveCfg = Release|Any CPU
		{54990896-0025-482F-9657-00B6BD2C7A3E}.Release|Any CPU.Build.0 = Release|Any CPU
		{A33E4500-F725-4E11-AF30-085773D2B97F}.Debug|Any CPU.ActiveCfg = Debug|Any CPU
		{A33E4500-F725-4E11-AF30-085773D2B97F}.Debug|Any CPU.Build.0 = Debug|Any CPU
		{A33E4500-F725-4E11-AF30-085773D2B97F}.Release|Any CPU.ActiveCfg = Release|Any CPU
		{A33E4500-F725-4E11-AF30-085773D2B97F}.Release|Any CPU.Build.0 = Release|Any CPU
		{C8B8AAC9-B65F-4F5E-A4F6-3C5726B5B3D5}.Debug|Any CPU.ActiveCfg = Debug|Any CPU
		{C8B8AAC9-B65F-4F5E-A4F6-3C5726B5B3D5}.Debug|Any CPU.Build.0 = Debug|Any CPU
		{C8B8AAC9-B65F-4F5E-A4F6-3C5726B5B3D5}.Release|Any CPU.ActiveCfg = Release|Any CPU
		{C8B8AAC9-B65F-4F5E-A4F6-3C5726B5B3D5}.Release|Any CPU.Build.0 = Release|Any CPU
		{11D7E473-99CF-44AC-8BE7-59398393FBEF}.Debug|Any CPU.ActiveCfg = Debug|Any CPU
		{11D7E473-99CF-44AC-8BE7-59398393FBEF}.Debug|Any CPU.Build.0 = Debug|Any CPU
		{11D7E473-99CF-44AC-8BE7-59398393FBEF}.Release|Any CPU.ActiveCfg = Release|Any CPU
		{11D7E473-99CF-44AC-8BE7-59398393FBEF}.Release|Any CPU.Build.0 = Release|Any CPU
		{A8601215-3D3C-4A5B-93B3-9720907455B3}.Debug|Any CPU.ActiveCfg = Debug|Any CPU
		{A8601215-3D3C-4A5B-93B3-9720907455B3}.Debug|Any CPU.Build.0 = Debug|Any CPU
		{A8601215-3D3C-4A5B-93B3-9720907455B3}.Release|Any CPU.ActiveCfg = Release|Any CPU
		{A8601215-3D3C-4A5B-93B3-9720907455B3}.Release|Any CPU.Build.0 = Release|Any CPU
		{36485483-9B4F-40D3-9C2B-3FD194E90870}.Debug|Any CPU.ActiveCfg = Debug|Any CPU
		{36485483-9B4F-40D3-9C2B-3FD194E90870}.Debug|Any CPU.Build.0 = Debug|Any CPU
		{36485483-9B4F-40D3-9C2B-3FD194E90870}.Release|Any CPU.ActiveCfg = Release|Any CPU
		{36485483-9B4F-40D3-9C2B-3FD194E90870}.Release|Any CPU.Build.0 = Release|Any CPU
		{7A53AADC-B401-474B-A5FD-0B5BB9505AF7}.Debug|Any CPU.ActiveCfg = Debug|Any CPU
		{7A53AADC-B401-474B-A5FD-0B5BB9505AF7}.Debug|Any CPU.Build.0 = Debug|Any CPU
		{7A53AADC-B401-474B-A5FD-0B5BB9505AF7}.Release|Any CPU.ActiveCfg = Release|Any CPU
		{7A53AADC-B401-474B-A5FD-0B5BB9505AF7}.Release|Any CPU.Build.0 = Release|Any CPU
		{EAC2AA15-562A-43E1-B369-69560D7BC563}.Debug|Any CPU.ActiveCfg = Debug|Any CPU
		{EAC2AA15-562A-43E1-B369-69560D7BC563}.Debug|Any CPU.Build.0 = Debug|Any CPU
		{EAC2AA15-562A-43E1-B369-69560D7BC563}.Release|Any CPU.ActiveCfg = Release|Any CPU
		{EAC2AA15-562A-43E1-B369-69560D7BC563}.Release|Any CPU.Build.0 = Release|Any CPU
		{B8DE128E-8077-461E-BD6C-6E104231497A}.Debug|Any CPU.ActiveCfg = Debug|Any CPU
		{B8DE128E-8077-461E-BD6C-6E104231497A}.Debug|Any CPU.Build.0 = Debug|Any CPU
		{B8DE128E-8077-461E-BD6C-6E104231497A}.Release|Any CPU.ActiveCfg = Release|Any CPU
		{B8DE128E-8077-461E-BD6C-6E104231497A}.Release|Any CPU.Build.0 = Release|Any CPU
		{1D965D7D-B27F-4A0E-80DC-717A505E010F}.Debug|Any CPU.ActiveCfg = Debug|Any CPU
		{1D965D7D-B27F-4A0E-80DC-717A505E010F}.Debug|Any CPU.Build.0 = Debug|Any CPU
		{1D965D7D-B27F-4A0E-80DC-717A505E010F}.Release|Any CPU.ActiveCfg = Release|Any CPU
		{1D965D7D-B27F-4A0E-80DC-717A505E010F}.Release|Any CPU.Build.0 = Release|Any CPU
		{9B6CC9EB-9421-494B-A63C-6632FA92FA7E}.Debug|Any CPU.ActiveCfg = Debug|Any CPU
		{9B6CC9EB-9421-494B-A63C-6632FA92FA7E}.Debug|Any CPU.Build.0 = Debug|Any CPU
		{9B6CC9EB-9421-494B-A63C-6632FA92FA7E}.Release|Any CPU.ActiveCfg = Release|Any CPU
		{9B6CC9EB-9421-494B-A63C-6632FA92FA7E}.Release|Any CPU.Build.0 = Release|Any CPU
	EndGlobalSection
	GlobalSection(SolutionProperties) = preSolution
		HideSolutionNode = FALSE
	EndGlobalSection
	GlobalSection(NestedProjects) = preSolution
		{A33E4500-F725-4E11-AF30-085773D2B97F} = {7566825A-1519-4C29-8FB5-164CC571601B}
		{C8B8AAC9-B65F-4F5E-A4F6-3C5726B5B3D5} = {7566825A-1519-4C29-8FB5-164CC571601B}
		{11D7E473-99CF-44AC-8BE7-59398393FBEF} = {7566825A-1519-4C29-8FB5-164CC571601B}
		{A8601215-3D3C-4A5B-93B3-9720907455B3} = {7566825A-1519-4C29-8FB5-164CC571601B}
		{36485483-9B4F-40D3-9C2B-3FD194E90870} = {7566825A-1519-4C29-8FB5-164CC571601B}
		{7A53AADC-B401-474B-A5FD-0B5BB9505AF7} = {7566825A-1519-4C29-8FB5-164CC571601B}
		{EAC2AA15-562A-43E1-B369-69560D7BC563} = {7566825A-1519-4C29-8FB5-164CC571601B}
		{B8DE128E-8077-461E-BD6C-6E104231497A} = {7566825A-1519-4C29-8FB5-164CC571601B}
		{1D965D7D-B27F-4A0E-80DC-717A505E010F} = {7566825A-1519-4C29-8FB5-164CC571601B}
		{9B6CC9EB-9421-494B-A63C-6632FA92FA7E} = {7566825A-1519-4C29-8FB5-164CC571601B}
	EndGlobalSection
EndGlobal
